PODS:
  - AVOSCloud (12.1.0)
  - KVOController (1.2.0)
  - RRUti/Foundation (1.0.0):
    - KVOController
  - RRUti/Subtitle (1.0.0):
    - RRUti/Foundation

DEPENDENCIES:
  - AVOSCloud
  - RRUti/Foundation (from `../RRUti/`)
  - RRUti/Subtitle (from `../RRUti/`)

SPEC REPOS:
  https://cdn.cocoapods.org/:
    - AVOSCloud
    - KVOController

EXTERNAL SOURCES:
  RRUti:
    :path: "../RRUti/"

SPEC CHECKSUMS:
  AVOSCloud: c8f9d789d67dfed10911e23bc1af289c23b108bb
  KVOController: d72ace34afea42468329623b3379ab3cd1d286b6
  RRUti: bfcb1b4d6c62bc98cb60ac8407d9ff2b4e9861b6

PODFILE CHECKSUM: f983bf4ec1e7f7450faee6ce17f1c8d5a04fe7e9

COCOAPODS: 1.9.3
